
Microsoft Visual Studio Solution File, Format Version 12.00
# Visual Studio Version 16
VisualStudioVersion = 16.0.30204.135
MinimumVisualStudioVersion = 10.0.40219.1
Project("{FAE04EC0-301F-11D3-BF4B-00C04F79EFBC}") = "AspnetCore-Test", "AspnetCore-Test\AspnetCore-Test.csproj", "{4C0401A7-2D42-4540-8A96-812F36BD4D95}"
EndProject
Project("{FAE04EC0-301F-11D3-BF4B-00C04F79EFBC}") = "Test-DataAccessRepository", "Test-DataAccess\Test-DataAccessRepository.csproj", "{C29E92AC-25EF-4571-9209-2725A76D6C4C}"
EndProject
Project("{FAE04EC0-301F-11D3-BF4B-00C04F79EFBC}") = "Test-DataAccess", "DomainModels\Test-DataAccess.csproj", "{FF9CD2BC-3378-4AF4-9F38-0DA69F1D8F69}"
EndProject
Project("{FAE04EC0-301F-11D3-BF4B-00C04F79EFBC}") = "Test-BusinessService", "BusinessService\Test-BusinessService.csproj", "{FA7238DC-2FC4-405C-BD8A-745556212550}"
EndProject
Global
	GlobalSection(SolutionConfigurationPlatforms) = preSolution
		Debug|Any CPU = Debug|Any CPU
		Release|Any CPU = Release|Any CPU
	EndGlobalSection
	GlobalSection(ProjectConfigurationPlatforms) = postSolution
		{4C0401A7-2D42-4540-8A96-812F36BD4D95}.Debug|Any CPU.ActiveCfg = Debug|Any CPU
		{4C0401A7-2D42-4540-8A96-812F36BD4D95}.Debug|Any CPU.Build.0 = Debug|Any CPU
		{4C0401A7-2D42-4540-8A96-812F36BD4D95}.Release|Any CPU.ActiveCfg = Release|Any CPU
		{4C0401A7-2D42-4540-8A96-812F36BD4D95}.Release|Any CPU.Build.0 = Release|Any CPU
		{C29E92AC-25EF-4571-9209-2725A76D6C4C}.Debug|Any CPU.ActiveCfg = Debug|Any CPU
		{C29E92AC-25EF-4571-9209-2725A76D6C4C}.Debug|Any CPU.Build.0 = Debug|Any CPU
		{C29E92AC-25EF-4571-9209-2725A76D6C4C}.Release|Any CPU.ActiveCfg = Release|Any CPU
		{C29E92AC-25EF-4571-9209-2725A76D6C4C}.Release|Any CPU.Build.0 = Release|Any CPU
		{FF9CD2BC-3378-4AF4-9F38-0DA69F1D8F69}.Debug|Any CPU.ActiveCfg = Debug|Any CPU
		{FF9CD2BC-3378-4AF4-9F38-0DA69F1D8F69}.Debug|Any CPU.Build.0 = Debug|Any CPU
		{FF9CD2BC-3378-4AF4-9F38-0DA69F1D8F69}.Release|Any CPU.ActiveCfg = Release|Any CPU
		{FF9CD2BC-3378-4AF4-9F38-0DA69F1D8F69}.Release|Any CPU.Build.0 = Release|Any CPU
		{FA7238DC-2FC4-405C-BD8A-745556212550}.Debug|Any CPU.ActiveCfg = Debug|Any CPU
		{FA7238DC-2FC4-405C-BD8A-745556212550}.Debug|Any CPU.Build.0 = Debug|Any CPU
		{FA7238DC-2FC4-405C-BD8A-745556212550}.Release|Any CPU.ActiveCfg = Release|Any CPU
		{FA7238DC-2FC4-405C-BD8A-745556212550}.Release|Any CPU.Build.0 = Release|Any CPU
	EndGlobalSection
	GlobalSection(SolutionProperties) = preSolution
		HideSolutionNode = FALSE
	EndGlobalSection
	GlobalSection(ExtensibilityGlobals) = postSolution
		SolutionGuid = {C5E77D8E-4BE8-4768-921B-50C52CFA4690}
	EndGlobalSection
EndGlobal
